
Microsoft Visual Studio Solution File, Format Version 12.00
Project("{FAE04EC0-301F-11D3-BF4B-00C04F79EFBC}") = "Skynet.Core", "Skynet.Core\Skynet.Core.csproj", "{1389BE51-C933-48A3-B6EA-9A4519E0BD39}"
EndProject
Project("{FAE04EC0-301F-11D3-BF4B-00C04F79EFBC}") = "Skynet.Tests", "Skynet.Tests\Skynet.Tests.csproj", "{B5B19B85-04A1-4F42-84FC-7B5EB4A169D9}"
EndProject
Project("{FAE04EC0-301F-11D3-BF4B-00C04F79EFBC}") = "Skynet.Runner", "Skynet.Runner\Skynet.Runner.csproj", "{81AC75AF-790C-4F36-99BD-42EA5548BFA4}"
EndProject
Global
	GlobalSection(SolutionConfigurationPlatforms) = preSolution
		Debug|Any CPU = Debug|Any CPU
		Release|Any CPU = Release|Any CPU
	EndGlobalSection
	GlobalSection(ProjectConfigurationPlatforms) = postSolution
		{1389BE51-C933-48A3-B6EA-9A4519E0BD39}.Debug|Any CPU.ActiveCfg = Debug|Any CPU
		{1389BE51-C933-48A3-B6EA-9A4519E0BD39}.Debug|Any CPU.Build.0 = Debug|Any CPU
		{1389BE51-C933-48A3-B6EA-9A4519E0BD39}.Release|Any CPU.ActiveCfg = Release|Any CPU
		{1389BE51-C933-48A3-B6EA-9A4519E0BD39}.Release|Any CPU.Build.0 = Release|Any CPU
		{B5B19B85-04A1-4F42-84FC-7B5EB4A169D9}.Debug|Any CPU.ActiveCfg = Debug|Any CPU
		{B5B19B85-04A1-4F42-84FC-7B5EB4A169D9}.Debug|Any CPU.Build.0 = Debug|Any CPU
		{B5B19B85-04A1-4F42-84FC-7B5EB4A169D9}.Release|Any CPU.ActiveCfg = Release|Any CPU
		{B5B19B85-04A1-4F42-84FC-7B5EB4A169D9}.Release|Any CPU.Build.0 = Release|Any CPU
		{81AC75AF-790C-4F36-99BD-42EA5548BFA4}.Debug|Any CPU.ActiveCfg = Debug|Any CPU
		{81AC75AF-790C-4F36-99BD-42EA5548BFA4}.Debug|Any CPU.Build.0 = Debug|Any CPU
		{81AC75AF-790C-4F36-99BD-42EA5548BFA4}.Release|Any CPU.ActiveCfg = Release|Any CPU
		{81AC75AF-790C-4F36-99BD-42EA5548BFA4}.Release|Any CPU.Build.0 = Release|Any CPU
	EndGlobalSection
EndGlobal
